
Microsoft Visual Studio Solution File, Format Version 12.00
# Visual Studio Version 17
VisualStudioVersion = 17.11.35303.130
MinimumVisualStudioVersion = 10.0.40219.1
Project("{9A19103F-16F7-4668-BE54-9A1E7A4F7556}") = "ProductMonitor", "ProductMonitor\ProductMonitor.csproj", "{50591F9C-BA86-4C5D-BC58-D0CE3C76A386}"
EndProject
Project("{FAE04EC0-301F-11D3-BF4B-00C04F79EFBC}") = "ModbusServers", "ModbusServers\ModbusServers.csproj", "{9F4BF9A1-5B06-46B8-8428-FB1433F43D4B}"
EndProject
Global
	GlobalSection(SolutionConfigurationPlatforms) = preSolution
		Debug|Any CPU = Debug|Any CPU
		Release|Any CPU = Release|Any CPU
	EndGlobalSection
	GlobalSection(ProjectConfigurationPlatforms) = postSolution
		{50591F9C-BA86-4C5D-BC58-D0CE3C76A386}.Debug|Any CPU.ActiveCfg = Debug|Any CPU
		{50591F9C-BA86-4C5D-BC58-D0CE3C76A386}.Debug|Any CPU.Build.0 = Debug|Any CPU
		{50591F9C-BA86-4C5D-BC58-D0CE3C76A386}.Release|Any CPU.ActiveCfg = Release|Any CPU
		{50591F9C-BA86-4C5D-BC58-D0CE3C76A386}.Release|Any CPU.Build.0 = Release|Any CPU
		{9F4BF9A1-5B06-46B8-8428-FB1433F43D4B}.Debug|Any CPU.ActiveCfg = Debug|Any CPU
		{9F4BF9A1-5B06-46B8-8428-FB1433F43D4B}.Debug|Any CPU.Build.0 = Debug|Any CPU
		{9F4BF9A1-5B06-46B8-8428-FB1433F43D4B}.Release|Any CPU.ActiveCfg = Release|Any CPU
		{9F4BF9A1-5B06-46B8-8428-FB1433F43D4B}.Release|Any CPU.Build.0 = Release|Any CPU
	EndGlobalSection
	GlobalSection(SolutionProperties) = preSolution
		HideSolutionNode = FALSE
	EndGlobalSection
	GlobalSection(ExtensibilityGlobals) = postSolution
		SolutionGuid = {D240864A-B311-474D-BB6B-F11C5C65C32A}
	EndGlobalSection
EndGlobal
